
Microsoft Visual Studio Solution File, Format Version 12.00
# Visual Studio Version 17
VisualStudioVersion = 17.6.33801.468
MinimumVisualStudioVersion = 10.0.40219.1
Project("{FAE04EC0-301F-11D3-BF4B-00C04F79EFBC}") = "PracticalExerciseBNR", "PracticalExerciseBNR\PracticalExerciseBNR.csproj", "{E85AF515-BEE8-4901-B6E4-1D36A0B47803}"
EndProject
Global
	GlobalSection(SolutionConfigurationPlatforms) = preSolution
		Debug|Any CPU = Debug|Any CPU
		Release|Any CPU = Release|Any CPU
	EndGlobalSection
	GlobalSection(ProjectConfigurationPlatforms) = postSolution
		{E85AF515-BEE8-4901-B6E4-1D36A0B47803}.Debug|Any CPU.ActiveCfg = Debug|Any CPU
		{E85AF515-BEE8-4901-B6E4-1D36A0B47803}.Debug|Any CPU.Build.0 = Debug|Any CPU
		{E85AF515-BEE8-4901-B6E4-1D36A0B47803}.Release|Any CPU.ActiveCfg = Release|Any CPU
		{E85AF515-BEE8-4901-B6E4-1D36A0B47803}.Release|Any CPU.Build.0 = Release|Any CPU
	EndGlobalSection
	GlobalSection(SolutionProperties) = preSolution
		HideSolutionNode = FALSE
	EndGlobalSection
	GlobalSection(ExtensibilityGlobals) = postSolution
		SolutionGuid = {D03381AE-B63D-4D31-B100-C3E54DD7E291}
	EndGlobalSection
EndGlobal
